
Microsoft Visual Studio Solution File, Format Version 12.00
# Visual Studio Version 16
VisualStudioVersion = 16.0.33927.289
MinimumVisualStudioVersion = 10.0.40219.1
Project("{FAE04EC0-301F-11D3-BF4B-00C04F79EFBC}") = "Shop management", "shop management\Shop management.csproj", "{C5772D5B-14D8-4B08-948A-738F98B1BD21}"
EndProject
Global
	GlobalSection(SolutionConfigurationPlatforms) = preSolution
		Debug|Any CPU = Debug|Any CPU
		Release|Any CPU = Release|Any CPU
	EndGlobalSection
	GlobalSection(ProjectConfigurationPlatforms) = postSolution
		{C5772D5B-14D8-4B08-948A-738F98B1BD21}.Debug|Any CPU.ActiveCfg = Debug|Any CPU
		{C5772D5B-14D8-4B08-948A-738F98B1BD21}.Debug|Any CPU.Build.0 = Debug|Any CPU
		{C5772D5B-14D8-4B08-948A-738F98B1BD21}.Release|Any CPU.ActiveCfg = Release|Any CPU
		{C5772D5B-14D8-4B08-948A-738F98B1BD21}.Release|Any CPU.Build.0 = Release|Any CPU
	EndGlobalSection
	GlobalSection(SolutionProperties) = preSolution
		HideSolutionNode = FALSE
	EndGlobalSection
	GlobalSection(ExtensibilityGlobals) = postSolution
		SolutionGuid = {088A2142-C246-40F3-A4B4-0D882755D5B6}
	EndGlobalSection
EndGlobal
